
Microsoft Visual Studio Solution File, Format Version 12.00
# Visual Studio Version 16
VisualStudioVersion = 16.0.809.3
MinimumVisualStudioVersion = 10.0.40219.1
Project("{FAE04EC0-301F-11D3-BF4B-00C04F79EFBC}") = "itstep_9nth", "itstep_9nth\itstep_9nth.csproj", "{91C3178E-4FF0-4470-BBF4-CEDF486A7C48}"
EndProject
Project("{FAE04EC0-301F-11D3-BF4B-00C04F79EFBC}") = "NameGenerator", "NameGenerator\NameGenerator.csproj", "{4F86DA54-6EB0-4E65-8C5A-DF83CD60BA14}"
EndProject
Global
	GlobalSection(SolutionConfigurationPlatforms) = preSolution
		Debug|Any CPU = Debug|Any CPU
		Release|Any CPU = Release|Any CPU
	EndGlobalSection
	GlobalSection(ProjectConfigurationPlatforms) = postSolution
		{91C3178E-4FF0-4470-BBF4-CEDF486A7C48}.Debug|Any CPU.ActiveCfg = Debug|Any CPU
		{91C3178E-4FF0-4470-BBF4-CEDF486A7C48}.Debug|Any CPU.Build.0 = Debug|Any CPU
		{91C3178E-4FF0-4470-BBF4-CEDF486A7C48}.Release|Any CPU.ActiveCfg = Release|Any CPU
		{91C3178E-4FF0-4470-BBF4-CEDF486A7C48}.Release|Any CPU.Build.0 = Release|Any CPU
		{4F86DA54-6EB0-4E65-8C5A-DF83CD60BA14}.Debug|Any CPU.ActiveCfg = Debug|Any CPU
		{4F86DA54-6EB0-4E65-8C5A-DF83CD60BA14}.Debug|Any CPU.Build.0 = Debug|Any CPU
		{4F86DA54-6EB0-4E65-8C5A-DF83CD60BA14}.Release|Any CPU.ActiveCfg = Release|Any CPU
		{4F86DA54-6EB0-4E65-8C5A-DF83CD60BA14}.Release|Any CPU.Build.0 = Release|Any CPU
	EndGlobalSection
	GlobalSection(SolutionProperties) = preSolution
		HideSolutionNode = FALSE
	EndGlobalSection
	GlobalSection(ExtensibilityGlobals) = postSolution
		SolutionGuid = {723FE45F-254C-4389-9308-2124707D9E23}
	EndGlobalSection
EndGlobal
